
Microsoft Visual Studio Solution File, Format Version 12.00
# Visual Studio Version 17
VisualStudioVersion = 17.1.31903.286
MinimumVisualStudioVersion = 10.0.40219.1
Project("{FAE04EC0-301F-11D3-BF4B-00C04F79EFBC}") = "SOLID Classwork", "SOLID Classwork\SOLID Classwork.csproj", "{B02E3D15-F88F-4DF4-BD33-ADA4F5F4585E}"
EndProject
Global
	GlobalSection(SolutionConfigurationPlatforms) = preSolution
		Debug|Any CPU = Debug|Any CPU
		Release|Any CPU = Release|Any CPU
	EndGlobalSection
	GlobalSection(ProjectConfigurationPlatforms) = postSolution
		{B02E3D15-F88F-4DF4-BD33-ADA4F5F4585E}.Debug|Any CPU.ActiveCfg = Debug|Any CPU
		{B02E3D15-F88F-4DF4-BD33-ADA4F5F4585E}.Debug|Any CPU.Build.0 = Debug|Any CPU
		{B02E3D15-F88F-4DF4-BD33-ADA4F5F4585E}.Release|Any CPU.ActiveCfg = Release|Any CPU
		{B02E3D15-F88F-4DF4-BD33-ADA4F5F4585E}.Release|Any CPU.Build.0 = Release|Any CPU
	EndGlobalSection
	GlobalSection(SolutionProperties) = preSolution
		HideSolutionNode = FALSE
	EndGlobalSection
	GlobalSection(ExtensibilityGlobals) = postSolution
		SolutionGuid = {18A6D08F-1376-48B6-99EA-076CC846E72C}
	EndGlobalSection
EndGlobal
